
Microsoft Visual Studio Solution File, Format Version 12.00
# Visual Studio 15
VisualStudioVersion = 15.0.27703.2035
MinimumVisualStudioVersion = 10.0.40219.1
Project("{9A19103F-16F7-4668-BE54-9A1E7A4F7556}") = "Source", "Source\Source.csproj", "{A1E8244E-4784-46DA-B50F-0887BFD379E7}"
EndProject
Project("{FAE04EC0-301F-11D3-BF4B-00C04F79EFBC}") = "Test", "Test\Test.csproj", "{E3C65CB1-F175-4964-AAB9-9FBBF78BF227}"
EndProject
Global
	GlobalSection(SolutionConfigurationPlatforms) = preSolution
		Debug|Any CPU = Debug|Any CPU
		Release|Any CPU = Release|Any CPU
	EndGlobalSection
	GlobalSection(ProjectConfigurationPlatforms) = postSolution
		{A1E8244E-4784-46DA-B50F-0887BFD379E7}.Debug|Any CPU.ActiveCfg = Debug|Any CPU
		{A1E8244E-4784-46DA-B50F-0887BFD379E7}.Debug|Any CPU.Build.0 = Debug|Any CPU
		{A1E8244E-4784-46DA-B50F-0887BFD379E7}.Release|Any CPU.ActiveCfg = Release|Any CPU
		{A1E8244E-4784-46DA-B50F-0887BFD379E7}.Release|Any CPU.Build.0 = Release|Any CPU
		{E3C65CB1-F175-4964-AAB9-9FBBF78BF227}.Debug|Any CPU.ActiveCfg = Debug|Any CPU
		{E3C65CB1-F175-4964-AAB9-9FBBF78BF227}.Debug|Any CPU.Build.0 = Debug|Any CPU
		{E3C65CB1-F175-4964-AAB9-9FBBF78BF227}.Release|Any CPU.ActiveCfg = Release|Any CPU
		{E3C65CB1-F175-4964-AAB9-9FBBF78BF227}.Release|Any CPU.Build.0 = Release|Any CPU
	EndGlobalSection
	GlobalSection(SolutionProperties) = preSolution
		HideSolutionNode = FALSE
	EndGlobalSection
	GlobalSection(ExtensibilityGlobals) = postSolution
		SolutionGuid = {46D56E3A-3A5E-4E07-8792-1E7D38D38C4F}
	EndGlobalSection
EndGlobal
